<Solution>
  <Project Path="EstrutSeqExercicio1/EstrutSeqExercicio1.csproj" />
  <Project Path="EstrutSeqExercicio2/EstrutSeqExercicio2.csproj" />
  <Project Path="EstrutSeqExercicio3/EstrutSeqExercicio3.csproj" />
  <Project Path="EstrutSeqExercicio4/EstrutSeqExercicio4.csproj" />
  <Project Path="EstrutSeqExercicio5/EstrutSeqExercicio5.csproj" />
  <Project Path="EstrutSeqExercicio6/EstrutSeqExercicio6.csproj" />
</Solution>
