<Solution>
  <Project Path="EstrtuturaCondExercicio4/EstruturaCondExercicio4.csproj" />
  <Project Path="EstruturaCondExercicio/EstruturaCondExercicio1.csproj" />
  <Project Path="EstruturaCondExercicio2/EstruturaCondExercicio2.csproj" />
  <Project Path="EstruturaCondExercicio3/EstruturaCondExercicio3.csproj" />
  <Project Path="EstruturaCondExercicio5/EstruturaCondExercicio5.csproj" />
  <Project Path="EstruturaCondExercicio6/EstruturaCondExercicio6.csproj" />
  <Project Path="EstruturaCondExercicio7/EstruturaCondExercicio7.csproj" />
  <Project Path="EstruturaCondExercicio8/EstruturaCondExercicio8.csproj" Id="fcb33ddd-99bc-48f3-b572-88a05148196d" />
</Solution>
